
Microsoft Visual Studio Solution File, Format Version 12.00
# Visual Studio Version 16
VisualStudioVersion = 16.0.30114.105
MinimumVisualStudioVersion = 10.0.40219.1
Project("{FAE04EC0-301F-11D3-BF4B-00C04F79EFBC}") = "graphqldemo", "graphqldemo.csproj", "{32C11363-41D7-456D-99B3-F9D5FDDF4A40}"
EndProject
Global
	GlobalSection(SolutionConfigurationPlatforms) = preSolution
		Debug|Any CPU = Debug|Any CPU
		Release|Any CPU = Release|Any CPU
	EndGlobalSection
	GlobalSection(SolutionProperties) = preSolution
		HideSolutionNode = FALSE
	EndGlobalSection
	GlobalSection(ProjectConfigurationPlatforms) = postSolution
		{32C11363-41D7-456D-99B3-F9D5FDDF4A40}.Debug|Any CPU.ActiveCfg = Debug|Any CPU
		{32C11363-41D7-456D-99B3-F9D5FDDF4A40}.Debug|Any CPU.Build.0 = Debug|Any CPU
		{32C11363-41D7-456D-99B3-F9D5FDDF4A40}.Release|Any CPU.ActiveCfg = Release|Any CPU
		{32C11363-41D7-456D-99B3-F9D5FDDF4A40}.Release|Any CPU.Build.0 = Release|Any CPU
	EndGlobalSection
EndGlobal
